
Microsoft Visual Studio Solution File, Format Version 12.00
# Visual Studio Version 17
VisualStudioVersion = 17.9.34728.123
MinimumVisualStudioVersion = 10.0.40219.1
Project("{FAE04EC0-301F-11D3-BF4B-00C04F79EFBC}") = "AFN_PROYECTO", "AFN_PROYECTO\AFN_PROYECTO.csproj", "{D0DFC9DC-146F-4B88-863A-F3847823620D}"
EndProject
Global
	GlobalSection(SolutionConfigurationPlatforms) = preSolution
		Debug|Any CPU = Debug|Any CPU
		Release|Any CPU = Release|Any CPU
	EndGlobalSection
	GlobalSection(ProjectConfigurationPlatforms) = postSolution
		{D0DFC9DC-146F-4B88-863A-F3847823620D}.Debug|Any CPU.ActiveCfg = Debug|Any CPU
		{D0DFC9DC-146F-4B88-863A-F3847823620D}.Debug|Any CPU.Build.0 = Debug|Any CPU
		{D0DFC9DC-146F-4B88-863A-F3847823620D}.Release|Any CPU.ActiveCfg = Release|Any CPU
		{D0DFC9DC-146F-4B88-863A-F3847823620D}.Release|Any CPU.Build.0 = Release|Any CPU
	EndGlobalSection
	GlobalSection(SolutionProperties) = preSolution
		HideSolutionNode = FALSE
	EndGlobalSection
	GlobalSection(ExtensibilityGlobals) = postSolution
		SolutionGuid = {877D303A-B527-48C1-8C1B-9311020B2C29}
	EndGlobalSection
EndGlobal
